
Microsoft Visual Studio Solution File, Format Version 12.00
# Visual Studio Version 17
VisualStudioVersion = 17.14.36518.9 d17.14
MinimumVisualStudioVersion = 10.0.40219.1
Project("{FAE04EC0-301F-11D3-BF4B-00C04F79EFBC}") = "QLKAHYTOON", "QLKAHYTOON.csproj", "{436D794E-BA5B-4C55-A182-3DB8F4739503}"
EndProject
Global
	GlobalSection(SolutionConfigurationPlatforms) = preSolution
		Debug|Any CPU = Debug|Any CPU
		Release|Any CPU = Release|Any CPU
	EndGlobalSection
	GlobalSection(ProjectConfigurationPlatforms) = postSolution
		{436D794E-BA5B-4C55-A182-3DB8F4739503}.Debug|Any CPU.ActiveCfg = Debug|Any CPU
		{436D794E-BA5B-4C55-A182-3DB8F4739503}.Debug|Any CPU.Build.0 = Debug|Any CPU
		{436D794E-BA5B-4C55-A182-3DB8F4739503}.Release|Any CPU.ActiveCfg = Release|Any CPU
		{436D794E-BA5B-4C55-A182-3DB8F4739503}.Release|Any CPU.Build.0 = Release|Any CPU
	EndGlobalSection
	GlobalSection(SolutionProperties) = preSolution
		HideSolutionNode = FALSE
	EndGlobalSection
	GlobalSection(ExtensibilityGlobals) = postSolution
		SolutionGuid = {4C74E4BC-1D25-487A-B2B5-97ED8BF1BD85}
	EndGlobalSection
EndGlobal
